// !$*UTF8*$!
{
	archiveVersion = 1;
	classes = {
	};
	objectVersion = 48;
	objects = {

/* Begin PBXBuildFile section */
		98550726201938B90018681D /* UserValidator.swift in Sources */ = {isa = PBXBuildFile; fileRef = 98550725201938B90018681D /* UserValidator.swift */; };
		988F5C2F2016597B00AC5025 /* AppDelegate.swift in Sources */ = {isa = PBXBuildFile; fileRef = 988F5C2E2016597B00AC5025 /* AppDelegate.swift */; };
		988F5C312016597B00AC5025 /* ViewController.swift in Sources */ = {isa = PBXBuildFile; fileRef = 988F5C302016597B00AC5025 /* ViewController.swift */; };
		988F5C342016597B00AC5025 /* Main.storyboard in Resources */ = {isa = PBXBuildFile; fileRef = 988F5C322016597B00AC5025 /* Main.storyboard */; };
		988F5C362016597B00AC5025 /* Assets.xcassets in Resources */ = {isa = PBXBuildFile; fileRef = 988F5C352016597B00AC5025 /* Assets.xcassets */; };
		988F5C392016597B00AC5025 /* LaunchScreen.storyboard in Resources */ = {isa = PBXBuildFile; fileRef = 988F5C372016597B00AC5025 /* LaunchScreen.storyboard */; };
		988F5C4120166FE100AC5025 /* Validator.swift in Sources */ = {isa = PBXBuildFile; fileRef = 988F5C4020166FE100AC5025 /* Validator.swift */; };
		988F5C432017DE0900AC5025 /* AddUserCase.swift in Sources */ = {isa = PBXBuildFile; fileRef = 988F5C422017DE0900AC5025 /* AddUserCase.swift */; };
		988F5C452017DE4100AC5025 /* UserDatabase.swift in Sources */ = {isa = PBXBuildFile; fileRef = 988F5C442017DE4100AC5025 /* UserDatabase.swift */; };
		988F5C472017DE7E00AC5025 /* User.swift in Sources */ = {isa = PBXBuildFile; fileRef = 988F5C462017DE7E00AC5025 /* User.swift */; };
		988F5C672018EDC100AC5025 /* Validators2.swift in Sources */ = {isa = PBXBuildFile; fileRef = 988F5C662018EDC100AC5025 /* Validators2.swift */; };
		988F5C6920190EA700AC5025 /* UserValidator2.swift in Sources */ = {isa = PBXBuildFile; fileRef = 988F5C6820190EA700AC5025 /* UserValidator2.swift */; };
/* End PBXBuildFile section */

/* Begin PBXFileReference section */
		98550725201938B90018681D /* UserValidator.swift */ = {isa = PBXFileReference; lastKnownFileType = sourcecode.swift; path = UserValidator.swift; sourceTree = "<group>"; };
		988F5C2B2016597B00AC5025 /* PatronMonoide.app */ = {isa = PBXFileReference; explicitFileType = wrapper.application; includeInIndex = 0; path = PatronMonoide.app; sourceTree = BUILT_PRODUCTS_DIR; };
		988F5C2E2016597B00AC5025 /* AppDelegate.swift */ = {isa = PBXFileReference; lastKnownFileType = sourcecode.swift; path = AppDelegate.swift; sourceTree = "<group>"; };
		988F5C302016597B00AC5025 /* ViewController.swift */ = {isa = PBXFileReference; lastKnownFileType = sourcecode.swift; path = ViewController.swift; sourceTree = "<group>"; };
		988F5C332016597B00AC5025 /* Base */ = {isa = PBXFileReference; lastKnownFileType = file.storyboard; name = Base; path = Base.lproj/Main.storyboard; sourceTree = "<group>"; };
		988F5C352016597B00AC5025 /* Assets.xcassets */ = {isa = PBXFileReference; lastKnownFileType = folder.assetcatalog; path = Assets.xcassets; sourceTree = "<group>"; };
		988F5C382016597B00AC5025 /* Base */ = {isa = PBXFileReference; lastKnownFileType = file.storyboard; name = Base; path = Base.lproj/LaunchScreen.storyboard; sourceTree = "<group>"; };
		988F5C3A2016597B00AC5025 /* Info.plist */ = {isa = PBXFileReference; lastKnownFileType = text.plist.xml; path = Info.plist; sourceTree = "<group>"; };
		988F5C4020166FE100AC5025 /* Validator.swift */ = {isa = PBXFileReference; lastKnownFileType = sourcecode.swift; path = Validator.swift; sourceTree = "<group>"; };
		988F5C422017DE0900AC5025 /* AddUserCase.swift */ = {isa = PBXFileReference; lastKnownFileType = sourcecode.swift; path = AddUserCase.swift; sourceTree = "<group>"; };
		988F5C442017DE4100AC5025 /* UserDatabase.swift */ = {isa = PBXFileReference; lastKnownFileType = sourcecode.swift; path = UserDatabase.swift; sourceTree = "<group>"; };
		988F5C462017DE7E00AC5025 /* User.swift */ = {isa = PBXFileReference; lastKnownFileType = sourcecode.swift; path = User.swift; sourceTree = "<group>"; };
		988F5C662018EDC100AC5025 /* Validators2.swift */ = {isa = PBXFileReference; lastKnownFileType = sourcecode.swift; path = Validators2.swift; sourceTree = "<group>"; };
		988F5C6820190EA700AC5025 /* UserValidator2.swift */ = {isa = PBXFileReference; lastKnownFileType = sourcecode.swift; path = UserValidator2.swift; sourceTree = "<group>"; };
/* End PBXFileReference section */

/* Begin PBXFrameworksBuildPhase section */
		988F5C282016597B00AC5025 /* Frameworks */ = {
			isa = PBXFrameworksBuildPhase;
			buildActionMask = 2147483647;
			files = (
			);
			runOnlyForDeploymentPostprocessing = 0;
		};
/* End PBXFrameworksBuildPhase section */

/* Begin PBXGroup section */
		98550723201938340018681D /* Practice */ = {
			isa = PBXGroup;
			children = (
				988F5C662018EDC100AC5025 /* Validators2.swift */,
				988F5C6820190EA700AC5025 /* UserValidator2.swift */,
			);
			path = Practice;
			sourceTree = "<group>";
		};
		98550724201938450018681D /* Done1 */ = {
			isa = PBXGroup;
			children = (
				988F5C4020166FE100AC5025 /* Validator.swift */,
				98550725201938B90018681D /* UserValidator.swift */,
			);
			path = Done1;
			sourceTree = "<group>";
		};
		988F5C222016597B00AC5025 = {
			isa = PBXGroup;
			children = (
				988F5C2D2016597B00AC5025 /* PatronMonoide */,
				988F5C2C2016597B00AC5025 /* Products */,
			);
			sourceTree = "<group>";
		};
		988F5C2C2016597B00AC5025 /* Products */ = {
			isa = PBXGroup;
			children = (
				988F5C2B2016597B00AC5025 /* PatronMonoide.app */,
			);
			name = Products;
			sourceTree = "<group>";
		};
		988F5C2D2016597B00AC5025 /* PatronMonoide */ = {
			isa = PBXGroup;
			children = (
				98550724201938450018681D /* Done1 */,
				98550723201938340018681D /* Practice */,
				988F5C2E2016597B00AC5025 /* AppDelegate.swift */,
				988F5C302016597B00AC5025 /* ViewController.swift */,
				988F5C422017DE0900AC5025 /* AddUserCase.swift */,
				988F5C462017DE7E00AC5025 /* User.swift */,
				988F5C442017DE4100AC5025 /* UserDatabase.swift */,
				988F5C322016597B00AC5025 /* Main.storyboard */,
				988F5C352016597B00AC5025 /* Assets.xcassets */,
				988F5C372016597B00AC5025 /* LaunchScreen.storyboard */,
				988F5C3A2016597B00AC5025 /* Info.plist */,
			);
			path = PatronMonoide;
			sourceTree = "<group>";
		};
/* End PBXGroup section */

/* Begin PBXNativeTarget section */
		988F5C2A2016597B00AC5025 /* PatronMonoide */ = {
			isa = PBXNativeTarget;
			buildConfigurationList = 988F5C3D2016597B00AC5025 /* Build configuration list for PBXNativeTarget "PatronMonoide" */;
			buildPhases = (
				988F5C272016597B00AC5025 /* Sources */,
				988F5C282016597B00AC5025 /* Frameworks */,
				988F5C292016597B00AC5025 /* Resources */,
			);
			buildRules = (
			);
			dependencies = (
			);
			name = PatronMonoide;
			productName = PatronMonoide;
			productReference = 988F5C2B2016597B00AC5025 /* PatronMonoide.app */;
			productType = "com.apple.product-type.application";
		};
/* End PBXNativeTarget section */

/* Begin PBXProject section */
		988F5C232016597B00AC5025 /* Project object */ = {
			isa = PBXProject;
			attributes = {
				LastSwiftUpdateCheck = 0920;
				LastUpgradeCheck = 0920;
				ORGANIZATIONNAME = trenx;
				TargetAttributes = {
					988F5C2A2016597B00AC5025 = {
						CreatedOnToolsVersion = 9.2;
						ProvisioningStyle = Automatic;
					};
				};
			};
			buildConfigurationList = 988F5C262016597B00AC5025 /* Build configuration list for PBXProject "PatronMonoide" */;
			compatibilityVersion = "Xcode 8.0";
			developmentRegion = en;
			hasScannedForEncodings = 0;
			knownRegions = (
				en,
				Base,
			);
			mainGroup = 988F5C222016597B00AC5025;
			productRefGroup = 988F5C2C2016597B00AC5025 /* Products */;
			projectDirPath = "";
			projectRoot = "";
			targets = (
				988F5C2A2016597B00AC5025 /* PatronMonoide */,
			);
		};
/* End PBXProject section */

/* Begin PBXResourcesBuildPhase section */
		988F5C292016597B00AC5025 /* Resources */ = {
			isa = PBXResourcesBuildPhase;
			buildActionMask = 2147483647;
			files = (
				988F5C392016597B00AC5025 /* LaunchScreen.storyboard in Resources */,
				988F5C362016597B00AC5025 /* Assets.xcassets in Resources */,
				988F5C342016597B00AC5025 /* Main.storyboard in Resources */,
			);
			runOnlyForDeploymentPostprocessing = 0;
		};
/* End PBXResourcesBuildPhase section */

/* Begin PBXSourcesBuildPhase section */
		988F5C272016597B00AC5025 /* Sources */ = {
			isa = PBXSourcesBuildPhase;
			buildActionMask = 2147483647;
			files = (
				988F5C432017DE0900AC5025 /* AddUserCase.swift in Sources */,
				988F5C312016597B00AC5025 /* ViewController.swift in Sources */,
				988F5C472017DE7E00AC5025 /* User.swift in Sources */,
				988F5C672018EDC100AC5025 /* Validators2.swift in Sources */,
				988F5C4120166FE100AC5025 /* Validator.swift in Sources */,
				988F5C2F2016597B00AC5025 /* AppDelegate.swift in Sources */,
				988F5C6920190EA700AC5025 /* UserValidator2.swift in Sources */,
				988F5C452017DE4100AC5025 /* UserDatabase.swift in Sources */,
				98550726201938B90018681D /* UserValidator.swift in Sources */,
			);
			runOnlyForDeploymentPostprocessing = 0;
		};
/* End PBXSourcesBuildPhase section */

/* Begin PBXVariantGroup section */
		988F5C322016597B00AC5025 /* Main.storyboard */ = {
			isa = PBXVariantGroup;
			children = (
				988F5C332016597B00AC5025 /* Base */,
			);
			name = Main.storyboard;
			sourceTree = "<group>";
		};
		988F5C372016597B00AC5025 /* LaunchScreen.storyboard */ = {
			isa = PBXVariantGroup;
			children = (
				988F5C382016597B00AC5025 /* Base */,
			);
			name = LaunchScreen.storyboard;
			sourceTree = "<group>";
		};
/* End PBXVariantGroup section */

/* Begin XCBuildConfiguration section */
		988F5C3B2016597B00AC5025 /* Debug */ = {
			isa = XCBuildConfiguration;
			buildSettings = {
				ALWAYS_SEARCH_USER_PATHS = NO;
				CLANG_ANALYZER_NONNULL = YES;
				CLANG_ANALYZER_NUMBER_OBJECT_CONVERSION = YES_AGGRESSIVE;
				CLANG_CXX_LANGUAGE_STANDARD = "gnu++14";
				CLANG_CXX_LIBRARY = "libc++";
				CLANG_ENABLE_MODULES = YES;
				CLANG_ENABLE_OBJC_ARC = YES;
				CLANG_WARN_BLOCK_CAPTURE_AUTORELEASING = YES;
				CLANG_WARN_BOOL_CONVERSION = YES;
				CLANG_WARN_COMMA = YES;
				CLANG_WARN_CONSTANT_CONVERSION = YES;
				CLANG_WARN_DIRECT_OBJC_ISA_USAGE = YES_ERROR;
				CLANG_WARN_DOCUMENTATION_COMMENTS = YES;
				CLANG_WARN_EMPTY_BODY = YES;
				CLANG_WARN_ENUM_CONVERSION = YES;
				CLANG_WARN_INFINITE_RECURSION = YES;
				CLANG_WARN_INT_CONVERSION = YES;
				CLANG_WARN_NON_LITERAL_NULL_CONVERSION = YES;
				CLANG_WARN_OBJC_LITERAL_CONVERSION = YES;
				CLANG_WARN_OBJC_ROOT_CLASS = YES_ERROR;
				CLANG_WARN_RANGE_LOOP_ANALYSIS = YES;
				CLANG_WARN_STRICT_PROTOTYPES = YES;
				CLANG_WARN_SUSPICIOUS_MOVE = YES;
				CLANG_WARN_UNGUARDED_AVAILABILITY = YES_AGGRESSIVE;
				CLANG_WARN_UNREACHABLE_CODE = YES;
				CLANG_WARN__DUPLICATE_METHOD_MATCH = YES;
				CODE_SIGN_IDENTITY = "iPhone Developer";
				COPY_PHASE_STRIP = NO;
				DEBUG_INFORMATION_FORMAT = dwarf;
				ENABLE_STRICT_OBJC_MSGSEND = YES;
				ENABLE_TESTABILITY = YES;
				GCC_C_LANGUAGE_STANDARD = gnu11;
				GCC_DYNAMIC_NO_PIC = NO;
				GCC_NO_COMMON_BLOCKS = YES;
				GCC_OPTIMIZATION_LEVEL = 0;
				GCC_PREPROCESSOR_DEFINITIONS = (
					"DEBUG=1",
					"$(inherited)",
				);
				GCC_WARN_64_TO_32_BIT_CONVERSION = YES;
				GCC_WARN_ABOUT_RETURN_TYPE = YES_ERROR;
				GCC_WARN_UNDECLARED_SELECTOR = YES;
				GCC_WARN_UNINITIALIZED_AUTOS = YES_AGGRESSIVE;
				GCC_WARN_UNUSED_FUNCTION = YES;
				GCC_WARN_UNUSED_VARIABLE = YES;
				IPHONEOS_DEPLOYMENT_TARGET = 11.2;
				MTL_ENABLE_DEBUG_INFO = YES;
				ONLY_ACTIVE_ARCH = YES;
				SDKROOT = iphoneos;
				SWIFT_ACTIVE_COMPILATION_CONDITIONS = DEBUG;
				SWIFT_OPTIMIZATION_LEVEL = "-Onone";
			};
			name = Debug;
		};
		988F5C3C2016597B00AC5025 /* Release */ = {
			isa = XCBuildConfiguration;
			buildSettings = {
				ALWAYS_SEARCH_USER_PATHS = NO;
				CLANG_ANALYZER_NONNULL = YES;
				CLANG_ANALYZER_NUMBER_OBJECT_CONVERSION = YES_AGGRESSIVE;
				CLANG_CXX_LANGUAGE_STANDARD = "gnu++14";
				CLANG_CXX_LIBRARY = "libc++";
				CLANG_ENABLE_MODULES = YES;
				CLANG_ENABLE_OBJC_ARC = YES;
				CLANG_WARN_BLOCK_CAPTURE_AUTORELEASING = YES;
				CLANG_WARN_BOOL_CONVERSION = YES;
				CLANG_WARN_COMMA = YES;
				CLANG_WARN_CONSTANT_CONVERSION = YES;
				CLANG_WARN_DIRECT_OBJC_ISA_USAGE = YES_ERROR;
				CLANG_WARN_DOCUMENTATION_COMMENTS = YES;
				CLANG_WARN_EMPTY_BODY = YES;
				CLANG_WARN_ENUM_CONVERSION = YES;
				CLANG_WARN_INFINITE_RECURSION = YES;
				CLANG_WARN_INT_CONVERSION = YES;
				CLANG_WARN_NON_LITERAL_NULL_CONVERSION = YES;
				CLANG_WARN_OBJC_LITERAL_CONVERSION = YES;
				CLANG_WARN_OBJC_ROOT_CLASS = YES_ERROR;
				CLANG_WARN_RANGE_LOOP_ANALYSIS = YES;
				CLANG_WARN_STRICT_PROTOTYPES = YES;
				CLANG_WARN_SUSPICIOUS_MOVE = YES;
				CLANG_WARN_UNGUARDED_AVAILABILITY = YES_AGGRESSIVE;
				CLANG_WARN_UNREACHABLE_CODE = YES;
				CLANG_WARN__DUPLICATE_METHOD_MATCH = YES;
				CODE_SIGN_IDENTITY = "iPhone Developer";
				COPY_PHASE_STRIP = NO;
				DEBUG_INFORMATION_FORMAT = "dwarf-with-dsym";
				ENABLE_NS_ASSERTIONS = NO;
				ENABLE_STRICT_OBJC_MSGSEND = YES;
				GCC_C_LANGUAGE_STANDARD = gnu11;
				GCC_NO_COMMON_BLOCKS = YES;
				GCC_WARN_64_TO_32_BIT_CONVERSION = YES;
				GCC_WARN_ABOUT_RETURN_TYPE = YES_ERROR;
				GCC_WARN_UNDECLARED_SELECTOR = YES;
				GCC_WARN_UNINITIALIZED_AUTOS = YES_AGGRESSIVE;
				GCC_WARN_UNUSED_FUNCTION = YES;
				GCC_WARN_UNUSED_VARIABLE = YES;
				IPHONEOS_DEPLOYMENT_TARGET = 11.2;
				MTL_ENABLE_DEBUG_INFO = NO;
				SDKROOT = iphoneos;
				SWIFT_OPTIMIZATION_LEVEL = "-Owholemodule";
				VALIDATE_PRODUCT = YES;
			};
			name = Release;
		};
		988F5C3E2016597B00AC5025 /* Debug */ = {
			isa = XCBuildConfiguration;
			buildSettings = {
				ASSETCATALOG_COMPILER_APPICON_NAME = AppIcon;
				CODE_SIGN_STYLE = Automatic;
				DEVELOPMENT_TEAM = NUT7SFZWGF;
				INFOPLIST_FILE = PatronMonoide/Info.plist;
				LD_RUNPATH_SEARCH_PATHS = "$(inherited) @executable_path/Frameworks";
				PRODUCT_BUNDLE_IDENTIFIER = trenx.PatronMonoide;
				PRODUCT_NAME = "$(TARGET_NAME)";
				SWIFT_VERSION = 4.0;
				TARGETED_DEVICE_FAMILY = "1,2";
			};
			name = Debug;
		};
		988F5C3F2016597B00AC5025 /* Release */ = {
			isa = XCBuildConfiguration;
			buildSettings = {
				ASSETCATALOG_COMPILER_APPICON_NAME = AppIcon;
				CODE_SIGN_STYLE = Automatic;
				DEVELOPMENT_TEAM = NUT7SFZWGF;
				INFOPLIST_FILE = PatronMonoide/Info.plist;
				LD_RUNPATH_SEARCH_PATHS = "$(inherited) @executable_path/Frameworks";
				PRODUCT_BUNDLE_IDENTIFIER = trenx.PatronMonoide;
				PRODUCT_NAME = "$(TARGET_NAME)";
				SWIFT_VERSION = 4.0;
				TARGETED_DEVICE_FAMILY = "1,2";
			};
			name = Release;
		};
/* End XCBuildConfiguration section */

/* Begin XCConfigurationList section */
		988F5C262016597B00AC5025 /* Build configuration list for PBXProject "PatronMonoide" */ = {
			isa = XCConfigurationList;
			buildConfigurations = (
				988F5C3B2016597B00AC5025 /* Debug */,
				988F5C3C2016597B00AC5025 /* Release */,
			);
			defaultConfigurationIsVisible = 0;
			defaultConfigurationName = Release;
		};
		988F5C3D2016597B00AC5025 /* Build configuration list for PBXNativeTarget "PatronMonoide" */ = {
			isa = XCConfigurationList;
			buildConfigurations = (
				988F5C3E2016597B00AC5025 /* Debug */,
				988F5C3F2016597B00AC5025 /* Release */,
			);
			defaultConfigurationIsVisible = 0;
			defaultConfigurationName = Release;
		};
/* End XCConfigurationList section */
	};
	rootObject = 988F5C232016597B00AC5025 /* Project object */;
}
